
Microsoft Visual Studio Solution File, Format Version 12.00
# Visual Studio Version 16
VisualStudioVersion = 16.0.29905.134
MinimumVisualStudioVersion = 10.0.40219.1
Project("{FAE04EC0-301F-11D3-BF4B-00C04F79EFBC}") = "Speles_serveris", "Speles_serveris\Speles_serveris.csproj", "{E4F2627A-146D-4A14-8AD0-49B81CCBDC68}"
EndProject
Global
	GlobalSection(SolutionConfigurationPlatforms) = preSolution
		Debug|Any CPU = Debug|Any CPU
		Release|Any CPU = Release|Any CPU
	EndGlobalSection
	GlobalSection(ProjectConfigurationPlatforms) = postSolution
		{E4F2627A-146D-4A14-8AD0-49B81CCBDC68}.Debug|Any CPU.ActiveCfg = Debug|Any CPU
		{E4F2627A-146D-4A14-8AD0-49B81CCBDC68}.Debug|Any CPU.Build.0 = Debug|Any CPU
		{E4F2627A-146D-4A14-8AD0-49B81CCBDC68}.Release|Any CPU.ActiveCfg = Release|Any CPU
		{E4F2627A-146D-4A14-8AD0-49B81CCBDC68}.Release|Any CPU.Build.0 = Release|Any CPU
	EndGlobalSection
	GlobalSection(SolutionProperties) = preSolution
		HideSolutionNode = FALSE
	EndGlobalSection
	GlobalSection(ExtensibilityGlobals) = postSolution
		SolutionGuid = {F173B0D5-40C6-482E-A993-49F2FC56BE6E}
	EndGlobalSection
EndGlobal
